{
  "name": "git-committer",
  "version": "1.0.0",
  "lockfileVersion": 1,
  "requires": true,
  "dependencies": {
    "argparse": {
      "version": "1.0.10",
      "resolved": "https://registry.npmjs.org/argparse/-/argparse-1.0.10.tgz",
      "integrity": "sha512-o5Roy6tNG4SL/FOkCAN6RzjiakZS25RLYFrcMttJqbdd8BWrnA+fGz57iN5Pb06pvBGvl5gQ0B48dJlslXvoTg==",
      "requires": {
        "sprintf-js": "~1.0.2"
      }
    },
    "astronomia": {
      "version": "2.0.1",
      "resolved": "https://registry.npmjs.org/astronomia/-/astronomia-2.0.1.tgz",
      "integrity": "sha512-BJK2jVBDHRyTKoqG98L1IGavFvrW3i2I1V+eZlHVzTD3BWam3menQiIGEWXDOG5jUztEhjLObqgspZdApcwOQA=="
    },
    "caldate": {
      "version": "1.0.2",
      "resolved": "https://registry.npmjs.org/caldate/-/caldate-1.0.2.tgz",
      "integrity": "sha512-vYtcQklv7HU8bZ92EwW41Q9Wp1KvWpLO9xRoT4e357ZSXx2x0udmGvJqsmdLxD6bVFJm2JeT7hsWz9jaVEzwRA==",
      "requires": {
        "moment-timezone": "^0.5.14"
      }
    },
    "commander": {
      "version": "2.15.1",
      "resolved": "https://registry.npmjs.org/commander/-/commander-2.15.1.tgz",
      "integrity": "sha512-VlfT9F3V0v+jr4yxPc5gg9s62/fIVWsd2Bk2iD435um1NlGMYdVCq+MjcXnhYq2icNOizHr1kK+5TI6H0Hy0ag=="
    },
    "date-chinese": {
      "version": "1.0.5",
      "resolved": "https://registry.npmjs.org/date-chinese/-/date-chinese-1.0.5.tgz",
      "integrity": "sha512-yAZmgcYkqShcS/7gSpXYox385QSTPPIIPzSmXqX25phZLVWgROmWcI7i8E9E+kBxtfDocV30Qn8C7j4U5Z1brA==",
      "requires": {
        "astronomia": "^2.0.0"
      }
    },
    "date-easter": {
      "version": "0.2.2",
      "resolved": "https://registry.npmjs.org/date-easter/-/date-easter-0.2.2.tgz",
      "integrity": "sha1-LoXd3H2vuLSElfnIEjRthmFpTDc="
    },
    "date-holidays": {
      "version": "1.2.5",
      "resolved": "https://registry.npmjs.org/date-holidays/-/date-holidays-1.2.5.tgz",
      "integrity": "sha512-m99Rk4Xq98t7sPn0HmkB6p4xQvdFnNUVY7YbnP/+BHOPtxXAlxWOR2pt/ay5DatmUC1yjZPhv2KbNJWsk4sy0A==",
      "requires": {
        "date-holidays-parser": "^1.2.2",
        "js-yaml": "^3.11.0",
        "lodash.omit": "^4.5.0",
        "lodash.pick": "^4.4.0",
        "prepin": "^1.0.1"
      }
    },
    "date-holidays-parser": {
      "version": "1.2.2",
      "resolved": "https://registry.npmjs.org/date-holidays-parser/-/date-holidays-parser-1.2.2.tgz",
      "integrity": "sha512-S3M4eWsfyGgu5iFsugK/vRILyUFE172CXv0hrIRVC0nHm3MopLgx1IapoHoQhS1pDEY0hrWeC31D4MeSfcSv3A==",
      "requires": {
        "astronomia": "^2.0.0",
        "caldate": "^1.0.2",
        "date-chinese": "^1.0.5",
        "date-easter": "^0.2.2",
        "lodash.get": "^4.4.2",
        "lodash.merge": "^4.6.1",
        "lodash.omit": "^4.5.0",
        "lodash.set": "^4.3.2",
        "moment-timezone": "^0.5.14"
      }
    },
    "esprima": {
      "version": "4.0.0",
      "resolved": "https://registry.npmjs.org/esprima/-/esprima-4.0.0.tgz",
      "integrity": "sha512-oftTcaMu/EGrEIu904mWteKIv8vMuOgGYo7EhVJJN00R/EED9DCua/xxHRdYnKtcECzVg7xOWhflvJMnqcFZjw=="
    },
    "js-yaml": {
      "version": "3.12.0",
      "resolved": "https://registry.npmjs.org/js-yaml/-/js-yaml-3.12.0.tgz",
      "integrity": "sha512-PIt2cnwmPfL4hKNwqeiuz4bKfnzHTBv6HyVgjahA6mPLwPDzjDWrplJBMjHUFxku/N3FlmrbyPclad+I+4mJ3A==",
      "requires": {
        "argparse": "^1.0.7",
        "esprima": "^4.0.0"
      }
    },
    "lodash.get": {
      "version": "4.4.2",
      "resolved": "https://registry.npmjs.org/lodash.get/-/lodash.get-4.4.2.tgz",
      "integrity": "sha1-LRd/ZS+jHpObRDjVNBSZ36OCXpk="
    },
    "lodash.merge": {
      "version": "4.6.1",
      "resolved": "https://registry.npmjs.org/lodash.merge/-/lodash.merge-4.6.1.tgz",
      "integrity": "sha512-AOYza4+Hf5z1/0Hztxpm2/xiPZgi/cjMqdnKTUWTBSKchJlxXXuUSxCCl8rJlf4g6yww/j6mA8nC8Hw/EZWxKQ=="
    },
    "lodash.omit": {
      "version": "4.5.0",
      "resolved": "https://registry.npmjs.org/lodash.omit/-/lodash.omit-4.5.0.tgz",
      "integrity": "sha1-brGa5aHuHdnfC5aeZs4Lf6MLXmA="
    },
    "lodash.pick": {
      "version": "4.4.0",
      "resolved": "https://registry.npmjs.org/lodash.pick/-/lodash.pick-4.4.0.tgz",
      "integrity": "sha1-UvBWEP/53tQiYRRB7R/BI6AwAbM="
    },
    "lodash.set": {
      "version": "4.3.2",
      "resolved": "https://registry.npmjs.org/lodash.set/-/lodash.set-4.3.2.tgz",
      "integrity": "sha1-2HV7HagH3eJIFrDWqEvqGnYjCyM="
    },
    "moment": {
      "version": "2.22.2",
      "resolved": "https://registry.npmjs.org/moment/-/moment-2.22.2.tgz",
      "integrity": "sha1-PCV/mDn8DpP/UxSWMiOeuQeD/2Y="
    },
    "moment-timezone": {
      "version": "0.5.17",
      "resolved": "https://registry.npmjs.org/moment-timezone/-/moment-timezone-0.5.17.tgz",
      "integrity": "sha512-Y/JpVEWIOA9Gho4vO15MTnW1FCmHi3ypprrkUaxsZ1TKg3uqC8q/qMBjTddkHoiwwZN3qvZSr4zJP7x9V3LpXA==",
      "requires": {
        "moment": ">= 2.9.0"
      }
    },
    "prepin": {
      "version": "1.0.1",
      "resolved": "https://registry.npmjs.org/prepin/-/prepin-1.0.1.tgz",
      "integrity": "sha1-zUHgJ/1bTMKM5ZFjm7exTS9PBhg="
    },
    "sprintf-js": {
      "version": "1.0.3",
      "resolved": "https://registry.npmjs.org/sprintf-js/-/sprintf-js-1.0.3.tgz",
      "integrity": "sha1-BOaSb2YolTVPPdAVIDYzuFcpfiw="
    }
  }
}
